
Microsoft Visual Studio Solution File, Format Version 12.00
# Visual Studio 15
VisualStudioVersion = 15.0.28307.271
MinimumVisualStudioVersion = 10.0.40219.1
Project("{FAE04EC0-301F-11D3-BF4B-00C04F79EFBC}") = "BuildScript", "BuildScript\BuildScript.csproj", "{16A1368B-91AE-4A5D-A2CA-92DA8EBB976F}"
EndProject
Project("{FAE04EC0-301F-11D3-BF4B-00C04F79EFBC}") = "BuildScriptWebApi", "src\BuildScriptWebApi\BuildScriptWebApi.csproj", "{2AB93F76-BCBC-4DE3-9183-1BD4165BB73A}"
EndProject
Global
	GlobalSection(SolutionConfigurationPlatforms) = preSolution
		Debug|Any CPU = Debug|Any CPU
		Release|Any CPU = Release|Any CPU
	EndGlobalSection
	GlobalSection(ProjectConfigurationPlatforms) = postSolution
		{16A1368B-91AE-4A5D-A2CA-92DA8EBB976F}.Debug|Any CPU.ActiveCfg = Debug|Any CPU
		{16A1368B-91AE-4A5D-A2CA-92DA8EBB976F}.Debug|Any CPU.Build.0 = Debug|Any CPU
		{16A1368B-91AE-4A5D-A2CA-92DA8EBB976F}.Release|Any CPU.ActiveCfg = Release|Any CPU
		{16A1368B-91AE-4A5D-A2CA-92DA8EBB976F}.Release|Any CPU.Build.0 = Release|Any CPU
		{2AB93F76-BCBC-4DE3-9183-1BD4165BB73A}.Debug|Any CPU.ActiveCfg = Debug|Any CPU
		{2AB93F76-BCBC-4DE3-9183-1BD4165BB73A}.Debug|Any CPU.Build.0 = Debug|Any CPU
		{2AB93F76-BCBC-4DE3-9183-1BD4165BB73A}.Release|Any CPU.ActiveCfg = Release|Any CPU
		{2AB93F76-BCBC-4DE3-9183-1BD4165BB73A}.Release|Any CPU.Build.0 = Release|Any CPU
	EndGlobalSection
	GlobalSection(SolutionProperties) = preSolution
		HideSolutionNode = FALSE
	EndGlobalSection
	GlobalSection(ExtensibilityGlobals) = postSolution
		SolutionGuid = {C4DEDA06-2DB1-429B-869F-FB2F06E4FB00}
	EndGlobalSection
EndGlobal
